
Microsoft Visual Studio Solution File, Format Version 12.00
# Visual Studio 14
VisualStudioVersion = 14.0.24720.0
MinimumVisualStudioVersion = 10.0.40219.1
Project("{888888A0-9F3D-457C-B088-3A5042F75D52}") = "SpeechRecognitionDataProcessing", "SpeechRecognitionDataProcessing\SpeechRecognitionDataProcessing.pyproj", "{238868C3-56DA-4115-B65A-3138B241F008}"
EndProject
Global
	GlobalSection(SolutionConfigurationPlatforms) = preSolution
		Debug|Any CPU = Debug|Any CPU
		Release|Any CPU = Release|Any CPU
	EndGlobalSection
	GlobalSection(ProjectConfigurationPlatforms) = postSolution
		{238868C3-56DA-4115-B65A-3138B241F008}.Debug|Any CPU.ActiveCfg = Debug|Any CPU
		{238868C3-56DA-4115-B65A-3138B241F008}.Release|Any CPU.ActiveCfg = Release|Any CPU
	EndGlobalSection
	GlobalSection(SolutionProperties) = preSolution
		HideSolutionNode = FALSE
	EndGlobalSection
EndGlobal
